
Microsoft Visual Studio Solution File, Format Version 12.00
# Visual Studio Version 17
VisualStudioVersion = 17.0.31903.59
MinimumVisualStudioVersion = 10.0.40219.1
Project("{FAE04EC0-301F-11D3-BF4B-00C04F79EFBC}") = "MyMath", "MyMath\MyMath.csproj", "{1A8A8DD9-280B-4F42-8886-F43ACBB2B4C7}"
EndProject
Project("{FAE04EC0-301F-11D3-BF4B-00C04F79EFBC}") = "MyMath.Tests", "MyMath.Tests\MyMath.Tests.csproj", "{E5ADB680-03C8-4250-B65A-08E0873FB4B5}"
EndProject
Global
	GlobalSection(SolutionConfigurationPlatforms) = preSolution
		Debug|Any CPU = Debug|Any CPU
		Debug|x64 = Debug|x64
		Debug|x86 = Debug|x86
		Release|Any CPU = Release|Any CPU
		Release|x64 = Release|x64
		Release|x86 = Release|x86
	EndGlobalSection
	GlobalSection(ProjectConfigurationPlatforms) = postSolution
		{1A8A8DD9-280B-4F42-8886-F43ACBB2B4C7}.Debug|Any CPU.ActiveCfg = Debug|Any CPU
		{1A8A8DD9-280B-4F42-8886-F43ACBB2B4C7}.Debug|Any CPU.Build.0 = Debug|Any CPU
		{1A8A8DD9-280B-4F42-8886-F43ACBB2B4C7}.Debug|x64.ActiveCfg = Debug|Any CPU
		{1A8A8DD9-280B-4F42-8886-F43ACBB2B4C7}.Debug|x64.Build.0 = Debug|Any CPU
		{1A8A8DD9-280B-4F42-8886-F43ACBB2B4C7}.Debug|x86.ActiveCfg = Debug|Any CPU
		{1A8A8DD9-280B-4F42-8886-F43ACBB2B4C7}.Debug|x86.Build.0 = Debug|Any CPU
		{1A8A8DD9-280B-4F42-8886-F43ACBB2B4C7}.Release|Any CPU.ActiveCfg = Release|Any CPU
		{1A8A8DD9-280B-4F42-8886-F43ACBB2B4C7}.Release|Any CPU.Build.0 = Release|Any CPU
		{1A8A8DD9-280B-4F42-8886-F43ACBB2B4C7}.Release|x64.ActiveCfg = Release|Any CPU
		{1A8A8DD9-280B-4F42-8886-F43ACBB2B4C7}.Release|x64.Build.0 = Release|Any CPU
		{1A8A8DD9-280B-4F42-8886-F43ACBB2B4C7}.Release|x86.ActiveCfg = Release|Any CPU
		{1A8A8DD9-280B-4F42-8886-F43ACBB2B4C7}.Release|x86.Build.0 = Release|Any CPU
		{E5ADB680-03C8-4250-B65A-08E0873FB4B5}.Debug|Any CPU.ActiveCfg = Debug|Any CPU
		{E5ADB680-03C8-4250-B65A-08E0873FB4B5}.Debug|Any CPU.Build.0 = Debug|Any CPU
		{E5ADB680-03C8-4250-B65A-08E0873FB4B5}.Debug|x64.ActiveCfg = Debug|Any CPU
		{E5ADB680-03C8-4250-B65A-08E0873FB4B5}.Debug|x64.Build.0 = Debug|Any CPU
		{E5ADB680-03C8-4250-B65A-08E0873FB4B5}.Debug|x86.ActiveCfg = Debug|Any CPU
		{E5ADB680-03C8-4250-B65A-08E0873FB4B5}.Debug|x86.Build.0 = Debug|Any CPU
		{E5ADB680-03C8-4250-B65A-08E0873FB4B5}.Release|Any CPU.ActiveCfg = Release|Any CPU
		{E5ADB680-03C8-4250-B65A-08E0873FB4B5}.Release|Any CPU.Build.0 = Release|Any CPU
		{E5ADB680-03C8-4250-B65A-08E0873FB4B5}.Release|x64.ActiveCfg = Release|Any CPU
		{E5ADB680-03C8-4250-B65A-08E0873FB4B5}.Release|x64.Build.0 = Release|Any CPU
		{E5ADB680-03C8-4250-B65A-08E0873FB4B5}.Release|x86.ActiveCfg = Release|Any CPU
		{E5ADB680-03C8-4250-B65A-08E0873FB4B5}.Release|x86.Build.0 = Release|Any CPU
	EndGlobalSection
	GlobalSection(SolutionProperties) = preSolution
		HideSolutionNode = FALSE
	EndGlobalSection
EndGlobal
